// !$*UTF8*$!
{
	archiveVersion = 1;
	classes = {
	};
	objectVersion = 56;
	objects = {

/* Begin PBXBuildFile section */
		6F0A06712A86428200818EEF /* PlayerView.swift in Sources */ = {isa = PBXBuildFile; fileRef = 6F0A06702A86428200818EEF /* PlayerView.swift */; };
		6F5C5EE32ECCB8DB0098404C /* AVPlayer.swift in Sources */ = {isa = PBXBuildFile; fileRef = 6F5C5EE22ECCB8D80098404C /* AVPlayer.swift */; };
		6F61C5152EC75DD7006E2C3B /* SystemVideoView.swift in Sources */ = {isa = PBXBuildFile; fileRef = 6F61C5142EC75DD5006E2C3B /* SystemVideoView.swift */; };
		6F61C5192EC763C6006E2C3B /* AppDelegate.swift in Sources */ = {isa = PBXBuildFile; fileRef = 6F61C5182EC763C6006E2C3B /* AppDelegate.swift */; };
		6F61C51B2EC769A3006E2C3B /* SlowLoadingResourceLoaderDelegate.swift in Sources */ = {isa = PBXBuildFile; fileRef = 6F61C51A2EC769A3006E2C3B /* SlowLoadingResourceLoaderDelegate.swift */; };
		6F61C5212EC77289006E2C3B /* ContentView.swift in Sources */ = {isa = PBXBuildFile; fileRef = 6F61C5202EC77288006E2C3B /* ContentView.swift */; };
		6FD2C8252A862E7800EFB252 /* PlayerSlowReleaseApp.swift in Sources */ = {isa = PBXBuildFile; fileRef = 6FD2C8242A862E7800EFB252 /* PlayerSlowReleaseApp.swift */; };
		6FD2C8292A862E7A00EFB252 /* Assets.xcassets in Resources */ = {isa = PBXBuildFile; fileRef = 6FD2C8282A862E7A00EFB252 /* Assets.xcassets */; };
		6FD2C82C2A862E7A00EFB252 /* Preview Assets.xcassets in Resources */ = {isa = PBXBuildFile; fileRef = 6FD2C82B2A862E7A00EFB252 /* Preview Assets.xcassets */; };
/* End PBXBuildFile section */

/* Begin PBXFileReference section */
		6F0A06702A86428200818EEF /* PlayerView.swift */ = {isa = PBXFileReference; fileEncoding = 4; lastKnownFileType = sourcecode.swift; path = PlayerView.swift; sourceTree = "<group>"; };
		6F5C5EE22ECCB8D80098404C /* AVPlayer.swift */ = {isa = PBXFileReference; lastKnownFileType = sourcecode.swift; path = AVPlayer.swift; sourceTree = "<group>"; };
		6F61C5142EC75DD5006E2C3B /* SystemVideoView.swift */ = {isa = PBXFileReference; lastKnownFileType = sourcecode.swift; path = SystemVideoView.swift; sourceTree = "<group>"; };
		6F61C5182EC763C6006E2C3B /* AppDelegate.swift */ = {isa = PBXFileReference; lastKnownFileType = sourcecode.swift; path = AppDelegate.swift; sourceTree = "<group>"; };
		6F61C51A2EC769A3006E2C3B /* SlowLoadingResourceLoaderDelegate.swift */ = {isa = PBXFileReference; lastKnownFileType = sourcecode.swift; path = SlowLoadingResourceLoaderDelegate.swift; sourceTree = "<group>"; };
		6F61C5202EC77288006E2C3B /* ContentView.swift */ = {isa = PBXFileReference; lastKnownFileType = sourcecode.swift; path = ContentView.swift; sourceTree = "<group>"; };
		6FD2C8212A862E7800EFB252 /* PlayerSlowRelease.app */ = {isa = PBXFileReference; explicitFileType = wrapper.application; includeInIndex = 0; path = PlayerSlowRelease.app; sourceTree = BUILT_PRODUCTS_DIR; };
		6FD2C8242A862E7800EFB252 /* PlayerSlowReleaseApp.swift */ = {isa = PBXFileReference; lastKnownFileType = sourcecode.swift; path = PlayerSlowReleaseApp.swift; sourceTree = "<group>"; };
		6FD2C8282A862E7A00EFB252 /* Assets.xcassets */ = {isa = PBXFileReference; lastKnownFileType = folder.assetcatalog; path = Assets.xcassets; sourceTree = "<group>"; };
		6FD2C82B2A862E7A00EFB252 /* Preview Assets.xcassets */ = {isa = PBXFileReference; lastKnownFileType = folder.assetcatalog; path = "Preview Assets.xcassets"; sourceTree = "<group>"; };
/* End PBXFileReference section */

/* Begin PBXFrameworksBuildPhase section */
		6FD2C81E2A862E7800EFB252 /* Frameworks */ = {
			isa = PBXFrameworksBuildPhase;
			buildActionMask = 2147483647;
			files = (
			);
			runOnlyForDeploymentPostprocessing = 0;
		};
/* End PBXFrameworksBuildPhase section */

/* Begin PBXGroup section */
		6FD2C8182A862E7800EFB252 = {
			isa = PBXGroup;
			children = (
				6FD2C8232A862E7800EFB252 /* PlayerSlowRelease */,
				6FD2C8222A862E7800EFB252 /* Products */,
			);
			sourceTree = "<group>";
		};
		6FD2C8222A862E7800EFB252 /* Products */ = {
			isa = PBXGroup;
			children = (
				6FD2C8212A862E7800EFB252 /* PlayerSlowRelease.app */,
			);
			name = Products;
			sourceTree = "<group>";
		};
		6FD2C8232A862E7800EFB252 /* PlayerSlowRelease */ = {
			isa = PBXGroup;
			children = (
				6F5C5EE22ECCB8D80098404C /* AVPlayer.swift */,
				6F61C5202EC77288006E2C3B /* ContentView.swift */,
				6F61C5182EC763C6006E2C3B /* AppDelegate.swift */,
				6FD2C8282A862E7A00EFB252 /* Assets.xcassets */,
				6FD2C8242A862E7800EFB252 /* PlayerSlowReleaseApp.swift */,
				6F0A06702A86428200818EEF /* PlayerView.swift */,
				6FD2C82A2A862E7A00EFB252 /* Preview Content */,
				6F61C51A2EC769A3006E2C3B /* SlowLoadingResourceLoaderDelegate.swift */,
				6F61C5142EC75DD5006E2C3B /* SystemVideoView.swift */,
			);
			path = PlayerSlowRelease;
			sourceTree = "<group>";
		};
		6FD2C82A2A862E7A00EFB252 /* Preview Content */ = {
			isa = PBXGroup;
			children = (
				6FD2C82B2A862E7A00EFB252 /* Preview Assets.xcassets */,
			);
			path = "Preview Content";
			sourceTree = "<group>";
		};
/* End PBXGroup section */

/* Begin PBXNativeTarget section */
		6FD2C8202A862E7800EFB252 /* PlayerSlowRelease */ = {
			isa = PBXNativeTarget;
			buildConfigurationList = 6FD2C82F2A862E7A00EFB252 /* Build configuration list for PBXNativeTarget "PlayerSlowRelease" */;
			buildPhases = (
				6FD2C81D2A862E7800EFB252 /* Sources */,
				6FD2C81E2A862E7800EFB252 /* Frameworks */,
				6FD2C81F2A862E7800EFB252 /* Resources */,
			);
			buildRules = (
			);
			dependencies = (
			);
			name = PlayerSlowRelease;
			productName = PlayerSlowRelease;
			productReference = 6FD2C8212A862E7800EFB252 /* PlayerSlowRelease.app */;
			productType = "com.apple.product-type.application";
		};
/* End PBXNativeTarget section */

/* Begin PBXProject section */
		6FD2C8192A862E7800EFB252 /* Project object */ = {
			isa = PBXProject;
			attributes = {
				BuildIndependentTargetsInParallel = 1;
				LastSwiftUpdateCheck = 1500;
				LastUpgradeCheck = 1500;
				TargetAttributes = {
					6FD2C8202A862E7800EFB252 = {
						CreatedOnToolsVersion = 15.0;
					};
				};
			};
			buildConfigurationList = 6FD2C81C2A862E7800EFB252 /* Build configuration list for PBXProject "PlayerSlowRelease" */;
			compatibilityVersion = "Xcode 14.0";
			developmentRegion = en;
			hasScannedForEncodings = 0;
			knownRegions = (
				en,
				Base,
			);
			mainGroup = 6FD2C8182A862E7800EFB252;
			productRefGroup = 6FD2C8222A862E7800EFB252 /* Products */;
			projectDirPath = "";
			projectRoot = "";
			targets = (
				6FD2C8202A862E7800EFB252 /* PlayerSlowRelease */,
			);
		};
/* End PBXProject section */

/* Begin PBXResourcesBuildPhase section */
		6FD2C81F2A862E7800EFB252 /* Resources */ = {
			isa = PBXResourcesBuildPhase;
			buildActionMask = 2147483647;
			files = (
				6FD2C82C2A862E7A00EFB252 /* Preview Assets.xcassets in Resources */,
				6FD2C8292A862E7A00EFB252 /* Assets.xcassets in Resources */,
			);
			runOnlyForDeploymentPostprocessing = 0;
		};
/* End PBXResourcesBuildPhase section */

/* Begin PBXSourcesBuildPhase section */
		6FD2C81D2A862E7800EFB252 /* Sources */ = {
			isa = PBXSourcesBuildPhase;
			buildActionMask = 2147483647;
			files = (
				6FD2C8252A862E7800EFB252 /* PlayerSlowReleaseApp.swift in Sources */,
				6F61C5212EC77289006E2C3B /* ContentView.swift in Sources */,
				6F0A06712A86428200818EEF /* PlayerView.swift in Sources */,
				6F61C5192EC763C6006E2C3B /* AppDelegate.swift in Sources */,
				6F5C5EE32ECCB8DB0098404C /* AVPlayer.swift in Sources */,
				6F61C5152EC75DD7006E2C3B /* SystemVideoView.swift in Sources */,
				6F61C51B2EC769A3006E2C3B /* SlowLoadingResourceLoaderDelegate.swift in Sources */,
			);
			runOnlyForDeploymentPostprocessing = 0;
		};
/* End PBXSourcesBuildPhase section */

/* Begin XCBuildConfiguration section */
		6FD2C82D2A862E7A00EFB252 /* Debug */ = {
			isa = XCBuildConfiguration;
			buildSettings = {
				ALWAYS_SEARCH_USER_PATHS = NO;
				ASSETCATALOG_COMPILER_GENERATE_SWIFT_ASSET_SYMBOL_EXTENSIONS = YES;
				CLANG_ANALYZER_NONNULL = YES;
				CLANG_ANALYZER_NUMBER_OBJECT_CONVERSION = YES_AGGRESSIVE;
				CLANG_CXX_LANGUAGE_STANDARD = "gnu++20";
				CLANG_ENABLE_MODULES = YES;
				CLANG_ENABLE_OBJC_ARC = YES;
				CLANG_ENABLE_OBJC_WEAK = YES;
				CLANG_WARN_BLOCK_CAPTURE_AUTORELEASING = YES;
				CLANG_WARN_BOOL_CONVERSION = YES;
				CLANG_WARN_COMMA = YES;
				CLANG_WARN_CONSTANT_CONVERSION = YES;
				CLANG_WARN_DEPRECATED_OBJC_IMPLEMENTATIONS = YES;
				CLANG_WARN_DIRECT_OBJC_ISA_USAGE = YES_ERROR;
				CLANG_WARN_DOCUMENTATION_COMMENTS = YES;
				CLANG_WARN_EMPTY_BODY = YES;
				CLANG_WARN_ENUM_CONVERSION = YES;
				CLANG_WARN_INFINITE_RECURSION = YES;
				CLANG_WARN_INT_CONVERSION = YES;
				CLANG_WARN_NON_LITERAL_NULL_CONVERSION = YES;
				CLANG_WARN_OBJC_IMPLICIT_RETAIN_SELF = YES;
				CLANG_WARN_OBJC_LITERAL_CONVERSION = YES;
				CLANG_WARN_OBJC_ROOT_CLASS = YES_ERROR;
				CLANG_WARN_QUOTED_INCLUDE_IN_FRAMEWORK_HEADER = YES;
				CLANG_WARN_RANGE_LOOP_ANALYSIS = YES;
				CLANG_WARN_STRICT_PROTOTYPES = YES;
				CLANG_WARN_SUSPICIOUS_MOVE = YES;
				CLANG_WARN_UNGUARDED_AVAILABILITY = YES_AGGRESSIVE;
				CLANG_WARN_UNREACHABLE_CODE = YES;
				CLANG_WARN__DUPLICATE_METHOD_MATCH = YES;
				COPY_PHASE_STRIP = NO;
				DEBUG_INFORMATION_FORMAT = dwarf;
				ENABLE_STRICT_OBJC_MSGSEND = YES;
				ENABLE_TESTABILITY = YES;
				ENABLE_USER_SCRIPT_SANDBOXING = YES;
				GCC_C_LANGUAGE_STANDARD = gnu17;
				GCC_DYNAMIC_NO_PIC = NO;
				GCC_NO_COMMON_BLOCKS = YES;
				GCC_OPTIMIZATION_LEVEL = 0;
				GCC_PREPROCESSOR_DEFINITIONS = (
					"DEBUG=1",
					"$(inherited)",
				);
				GCC_WARN_64_TO_32_BIT_CONVERSION = YES;
				GCC_WARN_ABOUT_RETURN_TYPE = YES_ERROR;
				GCC_WARN_UNDECLARED_SELECTOR = YES;
				GCC_WARN_UNINITIALIZED_AUTOS = YES_AGGRESSIVE;
				GCC_WARN_UNUSED_FUNCTION = YES;
				GCC_WARN_UNUSED_VARIABLE = YES;
				IPHONEOS_DEPLOYMENT_TARGET = 17.0;
				LOCALIZATION_PREFERS_STRING_CATALOGS = YES;
				MTL_ENABLE_DEBUG_INFO = INCLUDE_SOURCE;
				MTL_FAST_MATH = YES;
				ONLY_ACTIVE_ARCH = YES;
				SDKROOT = iphoneos;
				SWIFT_ACTIVE_COMPILATION_CONDITIONS = "DEBUG $(inherited)";
				SWIFT_OPTIMIZATION_LEVEL = "-Onone";
			};
			name = Debug;
		};
		6FD2C82E2A862E7A00EFB252 /* Release */ = {
			isa = XCBuildConfiguration;
			buildSettings = {
				ALWAYS_SEARCH_USER_PATHS = NO;
				ASSETCATALOG_COMPILER_GENERATE_SWIFT_ASSET_SYMBOL_EXTENSIONS = YES;
				CLANG_ANALYZER_NONNULL = YES;
				CLANG_ANALYZER_NUMBER_OBJECT_CONVERSION = YES_AGGRESSIVE;
				CLANG_CXX_LANGUAGE_STANDARD = "gnu++20";
				CLANG_ENABLE_MODULES = YES;
				CLANG_ENABLE_OBJC_ARC = YES;
				CLANG_ENABLE_OBJC_WEAK = YES;
				CLANG_WARN_BLOCK_CAPTURE_AUTORELEASING = YES;
				CLANG_WARN_BOOL_CONVERSION = YES;
				CLANG_WARN_COMMA = YES;
				CLANG_WARN_CONSTANT_CONVERSION = YES;
				CLANG_WARN_DEPRECATED_OBJC_IMPLEMENTATIONS = YES;
				CLANG_WARN_DIRECT_OBJC_ISA_USAGE = YES_ERROR;
				CLANG_WARN_DOCUMENTATION_COMMENTS = YES;
				CLANG_WARN_EMPTY_BODY = YES;
				CLANG_WARN_ENUM_CONVERSION = YES;
				CLANG_WARN_INFINITE_RECURSION = YES;
				CLANG_WARN_INT_CONVERSION = YES;
				CLANG_WARN_NON_LITERAL_NULL_CONVERSION = YES;
				CLANG_WARN_OBJC_IMPLICIT_RETAIN_SELF = YES;
				CLANG_WARN_OBJC_LITERAL_CONVERSION = YES;
				CLANG_WARN_OBJC_ROOT_CLASS = YES_ERROR;
				CLANG_WARN_QUOTED_INCLUDE_IN_FRAMEWORK_HEADER = YES;
				CLANG_WARN_RANGE_LOOP_ANALYSIS = YES;
				CLANG_WARN_STRICT_PROTOTYPES = YES;
				CLANG_WARN_SUSPICIOUS_MOVE = YES;
				CLANG_WARN_UNGUARDED_AVAILABILITY = YES_AGGRESSIVE;
				CLANG_WARN_UNREACHABLE_CODE = YES;
				CLANG_WARN__DUPLICATE_METHOD_MATCH = YES;
				COPY_PHASE_STRIP = NO;
				DEBUG_INFORMATION_FORMAT = "dwarf-with-dsym";
				ENABLE_NS_ASSERTIONS = NO;
				ENABLE_STRICT_OBJC_MSGSEND = YES;
				ENABLE_USER_SCRIPT_SANDBOXING = YES;
				GCC_C_LANGUAGE_STANDARD = gnu17;
				GCC_NO_COMMON_BLOCKS = YES;
				GCC_WARN_64_TO_32_BIT_CONVERSION = YES;
				GCC_WARN_ABOUT_RETURN_TYPE = YES_ERROR;
				GCC_WARN_UNDECLARED_SELECTOR = YES;
				GCC_WARN_UNINITIALIZED_AUTOS = YES_AGGRESSIVE;
				GCC_WARN_UNUSED_FUNCTION = YES;
				GCC_WARN_UNUSED_VARIABLE = YES;
				IPHONEOS_DEPLOYMENT_TARGET = 17.0;
				LOCALIZATION_PREFERS_STRING_CATALOGS = YES;
				MTL_ENABLE_DEBUG_INFO = NO;
				MTL_FAST_MATH = YES;
				SDKROOT = iphoneos;
				SWIFT_COMPILATION_MODE = wholemodule;
				VALIDATE_PRODUCT = YES;
			};
			name = Release;
		};
		6FD2C8302A862E7A00EFB252 /* Debug */ = {
			isa = XCBuildConfiguration;
			buildSettings = {
				ASSETCATALOG_COMPILER_APPICON_NAME = AppIcon;
				ASSETCATALOG_COMPILER_GLOBAL_ACCENT_COLOR_NAME = AccentColor;
				CODE_SIGN_STYLE = Automatic;
				CURRENT_PROJECT_VERSION = 1;
				DEVELOPMENT_ASSET_PATHS = "\"PlayerSlowRelease/Preview Content\"";
				DEVELOPMENT_TEAM = C859N35D2X;
				ENABLE_PREVIEWS = YES;
				GENERATE_INFOPLIST_FILE = YES;
				INFOPLIST_KEY_UIApplicationSceneManifest_Generation = YES;
				INFOPLIST_KEY_UIApplicationSupportsIndirectInputEvents = YES;
				INFOPLIST_KEY_UILaunchScreen_Generation = YES;
				INFOPLIST_KEY_UISupportedInterfaceOrientations_iPad = "UIInterfaceOrientationPortrait UIInterfaceOrientationPortraitUpsideDown UIInterfaceOrientationLandscapeLeft UIInterfaceOrientationLandscapeRight";
				INFOPLIST_KEY_UISupportedInterfaceOrientations_iPhone = "UIInterfaceOrientationPortrait UIInterfaceOrientationLandscapeLeft UIInterfaceOrientationLandscapeRight";
				IPHONEOS_DEPLOYMENT_TARGET = 16.0;
				LD_RUNPATH_SEARCH_PATHS = (
					"$(inherited)",
					"@executable_path/Frameworks",
				);
				MARKETING_VERSION = 1.0;
				PRODUCT_BUNDLE_IDENTIFIER = ch.defagos.PlayerSlowRelease;
				PRODUCT_NAME = "$(TARGET_NAME)";
				SUPPORTED_PLATFORMS = "appletvos appletvsimulator iphoneos iphonesimulator";
				SUPPORTS_MACCATALYST = NO;
				SWIFT_EMIT_LOC_STRINGS = YES;
				SWIFT_VERSION = 5.0;
				TARGETED_DEVICE_FAMILY = "1,2,3";
				TVOS_DEPLOYMENT_TARGET = 16.0;
			};
			name = Debug;
		};
		6FD2C8312A862E7A00EFB252 /* Release */ = {
			isa = XCBuildConfiguration;
			buildSettings = {
				ASSETCATALOG_COMPILER_APPICON_NAME = AppIcon;
				ASSETCATALOG_COMPILER_GLOBAL_ACCENT_COLOR_NAME = AccentColor;
				CODE_SIGN_STYLE = Automatic;
				CURRENT_PROJECT_VERSION = 1;
				DEVELOPMENT_ASSET_PATHS = "\"PlayerSlowRelease/Preview Content\"";
				DEVELOPMENT_TEAM = C859N35D2X;
				ENABLE_PREVIEWS = YES;
				GENERATE_INFOPLIST_FILE = YES;
				INFOPLIST_KEY_UIApplicationSceneManifest_Generation = YES;
				INFOPLIST_KEY_UIApplicationSupportsIndirectInputEvents = YES;
				INFOPLIST_KEY_UILaunchScreen_Generation = YES;
				INFOPLIST_KEY_UISupportedInterfaceOrientations_iPad = "UIInterfaceOrientationPortrait UIInterfaceOrientationPortraitUpsideDown UIInterfaceOrientationLandscapeLeft UIInterfaceOrientationLandscapeRight";
				INFOPLIST_KEY_UISupportedInterfaceOrientations_iPhone = "UIInterfaceOrientationPortrait UIInterfaceOrientationLandscapeLeft UIInterfaceOrientationLandscapeRight";
				IPHONEOS_DEPLOYMENT_TARGET = 16.0;
				LD_RUNPATH_SEARCH_PATHS = (
					"$(inherited)",
					"@executable_path/Frameworks",
				);
				MARKETING_VERSION = 1.0;
				PRODUCT_BUNDLE_IDENTIFIER = ch.defagos.PlayerSlowRelease;
				PRODUCT_NAME = "$(TARGET_NAME)";
				SUPPORTED_PLATFORMS = "appletvos appletvsimulator iphoneos iphonesimulator";
				SUPPORTS_MACCATALYST = NO;
				SWIFT_EMIT_LOC_STRINGS = YES;
				SWIFT_VERSION = 5.0;
				TARGETED_DEVICE_FAMILY = "1,2,3";
				TVOS_DEPLOYMENT_TARGET = 16.0;
			};
			name = Release;
		};
/* End XCBuildConfiguration section */

/* Begin XCConfigurationList section */
		6FD2C81C2A862E7800EFB252 /* Build configuration list for PBXProject "PlayerSlowRelease" */ = {
			isa = XCConfigurationList;
			buildConfigurations = (
				6FD2C82D2A862E7A00EFB252 /* Debug */,
				6FD2C82E2A862E7A00EFB252 /* Release */,
			);
			defaultConfigurationIsVisible = 0;
			defaultConfigurationName = Release;
		};
		6FD2C82F2A862E7A00EFB252 /* Build configuration list for PBXNativeTarget "PlayerSlowRelease" */ = {
			isa = XCConfigurationList;
			buildConfigurations = (
				6FD2C8302A862E7A00EFB252 /* Debug */,
				6FD2C8312A862E7A00EFB252 /* Release */,
			);
			defaultConfigurationIsVisible = 0;
			defaultConfigurationName = Release;
		};
/* End XCConfigurationList section */
	};
	rootObject = 6FD2C8192A862E7800EFB252 /* Project object */;
}
